
Microsoft Visual Studio Solution File, Format Version 12.00
# Visual Studio Version 16
VisualStudioVersion = 16.0.30611.23
MinimumVisualStudioVersion = 10.0.40219.1
Project("{FAE04EC0-301F-11D3-BF4B-00C04F79EFBC}") = "SignalR.API", "SignalR.API\SignalR.API.csproj", "{313F7C34-2C61-4DE0-9199-726DF25A4EE2}"
EndProject
Project("{FAE04EC0-301F-11D3-BF4B-00C04F79EFBC}") = "SignalR.Web", "SignalR.Web\SignalR.Web.csproj", "{3E903DD6-7B38-4197-82F6-CC6B81C42857}"
EndProject
Global
	GlobalSection(SolutionConfigurationPlatforms) = preSolution
		Debug|Any CPU = Debug|Any CPU
		Release|Any CPU = Release|Any CPU
	EndGlobalSection
	GlobalSection(ProjectConfigurationPlatforms) = postSolution
		{313F7C34-2C61-4DE0-9199-726DF25A4EE2}.Debug|Any CPU.ActiveCfg = Debug|Any CPU
		{313F7C34-2C61-4DE0-9199-726DF25A4EE2}.Debug|Any CPU.Build.0 = Debug|Any CPU
		{313F7C34-2C61-4DE0-9199-726DF25A4EE2}.Release|Any CPU.ActiveCfg = Release|Any CPU
		{313F7C34-2C61-4DE0-9199-726DF25A4EE2}.Release|Any CPU.Build.0 = Release|Any CPU
		{3E903DD6-7B38-4197-82F6-CC6B81C42857}.Debug|Any CPU.ActiveCfg = Debug|Any CPU
		{3E903DD6-7B38-4197-82F6-CC6B81C42857}.Debug|Any CPU.Build.0 = Debug|Any CPU
		{3E903DD6-7B38-4197-82F6-CC6B81C42857}.Release|Any CPU.ActiveCfg = Release|Any CPU
		{3E903DD6-7B38-4197-82F6-CC6B81C42857}.Release|Any CPU.Build.0 = Release|Any CPU
	EndGlobalSection
	GlobalSection(SolutionProperties) = preSolution
		HideSolutionNode = FALSE
	EndGlobalSection
	GlobalSection(ExtensibilityGlobals) = postSolution
		SolutionGuid = {A88468EF-2FE9-42A1-AD54-9E59530405F2}
	EndGlobalSection
EndGlobal
